
Microsoft Visual Studio Solution File, Format Version 12.00
# Visual Studio Version 17
VisualStudioVersion = 17.14.36203.30 d17.14
MinimumVisualStudioVersion = 10.0.40219.1
Project("{FAE04EC0-301F-11D3-BF4B-00C04F79EFBC}") = "N283B", "N283B.csproj", "{8F5ABC73-F57B-43C1-8698-7184A5248CD3}"
EndProject
Global
	GlobalSection(SolutionConfigurationPlatforms) = preSolution
		Debug|Any CPU = Debug|Any CPU
		Release|Any CPU = Release|Any CPU
	EndGlobalSection
	GlobalSection(ProjectConfigurationPlatforms) = postSolution
		{8F5ABC73-F57B-43C1-8698-7184A5248CD3}.Debug|Any CPU.ActiveCfg = Debug|Any CPU
		{8F5ABC73-F57B-43C1-8698-7184A5248CD3}.Debug|Any CPU.Build.0 = Debug|Any CPU
		{8F5ABC73-F57B-43C1-8698-7184A5248CD3}.Release|Any CPU.ActiveCfg = Release|Any CPU
		{8F5ABC73-F57B-43C1-8698-7184A5248CD3}.Release|Any CPU.Build.0 = Release|Any CPU
	EndGlobalSection
	GlobalSection(SolutionProperties) = preSolution
		HideSolutionNode = FALSE
	EndGlobalSection
	GlobalSection(ExtensibilityGlobals) = postSolution
		SolutionGuid = {80AF2F06-45DD-49B4-BD51-D77658FE0B70}
	EndGlobalSection
EndGlobal
